
Microsoft Visual Studio Solution File, Format Version 12.00
# Visual Studio Version 16
VisualStudioVersion = 16.0.30523.141
MinimumVisualStudioVersion = 10.0.40219.1
Project("{FAE04EC0-301F-11D3-BF4B-00C04F79EFBC}") = "ConsoleApp1_peter_3105", "ConsoleApp1_peter_3105\ConsoleApp1_peter_3105.csproj", "{A0772FE9-F2A1-4927-93F7-EEEF030A0FD2}"
EndProject
Global
	GlobalSection(SolutionConfigurationPlatforms) = preSolution
		Debug|Any CPU = Debug|Any CPU
		Release|Any CPU = Release|Any CPU
	EndGlobalSection
	GlobalSection(ProjectConfigurationPlatforms) = postSolution
		{A0772FE9-F2A1-4927-93F7-EEEF030A0FD2}.Debug|Any CPU.ActiveCfg = Debug|Any CPU
		{A0772FE9-F2A1-4927-93F7-EEEF030A0FD2}.Debug|Any CPU.Build.0 = Debug|Any CPU
		{A0772FE9-F2A1-4927-93F7-EEEF030A0FD2}.Release|Any CPU.ActiveCfg = Release|Any CPU
		{A0772FE9-F2A1-4927-93F7-EEEF030A0FD2}.Release|Any CPU.Build.0 = Release|Any CPU
	EndGlobalSection
	GlobalSection(SolutionProperties) = preSolution
		HideSolutionNode = FALSE
	EndGlobalSection
	GlobalSection(ExtensibilityGlobals) = postSolution
		SolutionGuid = {C3DEE130-5EBB-4FD1-BB26-19366A7D7628}
	EndGlobalSection
EndGlobal
